// !$*UTF8*$!
{
	archiveVersion = 1;
	classes = {
	};
	objectVersion = 46;
	objects = {

/* Begin PBXBuildFile section */
		8AE16C8F1D6D44C200AA3DD6 /* AppDelegate.swift in Sources */ = {isa = PBXBuildFile; fileRef = 8AE16C8E1D6D44C200AA3DD6 /* AppDelegate.swift */; };
		8AE16C911D6D44C200AA3DD6 /* ViewController.swift in Sources */ = {isa = PBXBuildFile; fileRef = 8AE16C901D6D44C200AA3DD6 /* ViewController.swift */; };
		8AE16C941D6D44C200AA3DD6 /* Main.storyboard in Resources */ = {isa = PBXBuildFile; fileRef = 8AE16C921D6D44C200AA3DD6 /* Main.storyboard */; };
		8AE16C961D6D44C200AA3DD6 /* Assets.xcassets in Resources */ = {isa = PBXBuildFile; fileRef = 8AE16C951D6D44C200AA3DD6 /* Assets.xcassets */; };
		8AE16C991D6D44C200AA3DD6 /* LaunchScreen.storyboard in Resources */ = {isa = PBXBuildFile; fileRef = 8AE16C971D6D44C200AA3DD6 /* LaunchScreen.storyboard */; };
		8AE16CA41D6D44C200AA3DD6 /* GuideDemoTests.swift in Sources */ = {isa = PBXBuildFile; fileRef = 8AE16CA31D6D44C200AA3DD6 /* GuideDemoTests.swift */; };
		8AE16CAF1D6D44C200AA3DD6 /* GuideDemoUITests.swift in Sources */ = {isa = PBXBuildFile; fileRef = 8AE16CAE1D6D44C200AA3DD6 /* GuideDemoUITests.swift */; };
		8AE16CBD1D6D4FEA00AA3DD6 /* MainPageViewController.swift in Sources */ = {isa = PBXBuildFile; fileRef = 8AE16CBC1D6D4FEA00AA3DD6 /* MainPageViewController.swift */; };
/* End PBXBuildFile section */

/* Begin PBXContainerItemProxy section */
		8AE16CA01D6D44C200AA3DD6 /* PBXContainerItemProxy */ = {
			isa = PBXContainerItemProxy;
			containerPortal = 8AE16C831D6D44C200AA3DD6 /* Project object */;
			proxyType = 1;
			remoteGlobalIDString = 8AE16C8A1D6D44C200AA3DD6;
			remoteInfo = GuideDemo;
		};
		8AE16CAB1D6D44C200AA3DD6 /* PBXContainerItemProxy */ = {
			isa = PBXContainerItemProxy;
			containerPortal = 8AE16C831D6D44C200AA3DD6 /* Project object */;
			proxyType = 1;
			remoteGlobalIDString = 8AE16C8A1D6D44C200AA3DD6;
			remoteInfo = GuideDemo;
		};
/* End PBXContainerItemProxy section */

/* Begin PBXFileReference section */
		8AE16C8B1D6D44C200AA3DD6 /* GuideDemo.app */ = {isa = PBXFileReference; explicitFileType = wrapper.application; includeInIndex = 0; path = GuideDemo.app; sourceTree = BUILT_PRODUCTS_DIR; };
		8AE16C8E1D6D44C200AA3DD6 /* AppDelegate.swift */ = {isa = PBXFileReference; lastKnownFileType = sourcecode.swift; path = AppDelegate.swift; sourceTree = "<group>"; };
		8AE16C901D6D44C200AA3DD6 /* ViewController.swift */ = {isa = PBXFileReference; lastKnownFileType = sourcecode.swift; path = ViewController.swift; sourceTree = "<group>"; };
		8AE16C931D6D44C200AA3DD6 /* Base */ = {isa = PBXFileReference; lastKnownFileType = file.storyboard; name = Base; path = Base.lproj/Main.storyboard; sourceTree = "<group>"; };
		8AE16C951D6D44C200AA3DD6 /* Assets.xcassets */ = {isa = PBXFileReference; lastKnownFileType = folder.assetcatalog; path = Assets.xcassets; sourceTree = "<group>"; };
		8AE16C981D6D44C200AA3DD6 /* Base */ = {isa = PBXFileReference; lastKnownFileType = file.storyboard; name = Base; path = Base.lproj/LaunchScreen.storyboard; sourceTree = "<group>"; };
		8AE16C9A1D6D44C200AA3DD6 /* Info.plist */ = {isa = PBXFileReference; lastKnownFileType = text.plist.xml; path = Info.plist; sourceTree = "<group>"; };
		8AE16C9F1D6D44C200AA3DD6 /* GuideDemoTests.xctest */ = {isa = PBXFileReference; explicitFileType = wrapper.cfbundle; includeInIndex = 0; path = GuideDemoTests.xctest; sourceTree = BUILT_PRODUCTS_DIR; };
		8AE16CA31D6D44C200AA3DD6 /* GuideDemoTests.swift */ = {isa = PBXFileReference; lastKnownFileType = sourcecode.swift; path = GuideDemoTests.swift; sourceTree = "<group>"; };
		8AE16CA51D6D44C200AA3DD6 /* Info.plist */ = {isa = PBXFileReference; lastKnownFileType = text.plist.xml; path = Info.plist; sourceTree = "<group>"; };
		8AE16CAA1D6D44C200AA3DD6 /* GuideDemoUITests.xctest */ = {isa = PBXFileReference; explicitFileType = wrapper.cfbundle; includeInIndex = 0; path = GuideDemoUITests.xctest; sourceTree = BUILT_PRODUCTS_DIR; };
		8AE16CAE1D6D44C200AA3DD6 /* GuideDemoUITests.swift */ = {isa = PBXFileReference; lastKnownFileType = sourcecode.swift; path = GuideDemoUITests.swift; sourceTree = "<group>"; };
		8AE16CB01D6D44C200AA3DD6 /* Info.plist */ = {isa = PBXFileReference; lastKnownFileType = text.plist.xml; path = Info.plist; sourceTree = "<group>"; };
		8AE16CBC1D6D4FEA00AA3DD6 /* MainPageViewController.swift */ = {isa = PBXFileReference; fileEncoding = 4; lastKnownFileType = sourcecode.swift; path = MainPageViewController.swift; sourceTree = "<group>"; };
/* End PBXFileReference section */

/* Begin PBXFrameworksBuildPhase section */
		8AE16C881D6D44C200AA3DD6 /* Frameworks */ = {
			isa = PBXFrameworksBuildPhase;
			buildActionMask = 2147483647;
			files = (
			);
			runOnlyForDeploymentPostprocessing = 0;
		};
		8AE16C9C1D6D44C200AA3DD6 /* Frameworks */ = {
			isa = PBXFrameworksBuildPhase;
			buildActionMask = 2147483647;
			files = (
			);
			runOnlyForDeploymentPostprocessing = 0;
		};
		8AE16CA71D6D44C200AA3DD6 /* Frameworks */ = {
			isa = PBXFrameworksBuildPhase;
			buildActionMask = 2147483647;
			files = (
			);
			runOnlyForDeploymentPostprocessing = 0;
		};
/* End PBXFrameworksBuildPhase section */

/* Begin PBXGroup section */
		8AE16C821D6D44C200AA3DD6 = {
			isa = PBXGroup;
			children = (
				8AE16C8D1D6D44C200AA3DD6 /* GuideDemo */,
				8AE16CA21D6D44C200AA3DD6 /* GuideDemoTests */,
				8AE16CAD1D6D44C200AA3DD6 /* GuideDemoUITests */,
				8AE16C8C1D6D44C200AA3DD6 /* Products */,
			);
			sourceTree = "<group>";
		};
		8AE16C8C1D6D44C200AA3DD6 /* Products */ = {
			isa = PBXGroup;
			children = (
				8AE16C8B1D6D44C200AA3DD6 /* GuideDemo.app */,
				8AE16C9F1D6D44C200AA3DD6 /* GuideDemoTests.xctest */,
				8AE16CAA1D6D44C200AA3DD6 /* GuideDemoUITests.xctest */,
			);
			name = Products;
			sourceTree = "<group>";
		};
		8AE16C8D1D6D44C200AA3DD6 /* GuideDemo */ = {
			isa = PBXGroup;
			children = (
				8AE16C8E1D6D44C200AA3DD6 /* AppDelegate.swift */,
				8AE16C901D6D44C200AA3DD6 /* ViewController.swift */,
				8AE16CBC1D6D4FEA00AA3DD6 /* MainPageViewController.swift */,
				8AE16C921D6D44C200AA3DD6 /* Main.storyboard */,
				8AE16C951D6D44C200AA3DD6 /* Assets.xcassets */,
				8AE16C971D6D44C200AA3DD6 /* LaunchScreen.storyboard */,
				8AE16C9A1D6D44C200AA3DD6 /* Info.plist */,
			);
			path = GuideDemo;
			sourceTree = "<group>";
		};
		8AE16CA21D6D44C200AA3DD6 /* GuideDemoTests */ = {
			isa = PBXGroup;
			children = (
				8AE16CA31D6D44C200AA3DD6 /* GuideDemoTests.swift */,
				8AE16CA51D6D44C200AA3DD6 /* Info.plist */,
			);
			path = GuideDemoTests;
			sourceTree = "<group>";
		};
		8AE16CAD1D6D44C200AA3DD6 /* GuideDemoUITests */ = {
			isa = PBXGroup;
			children = (
				8AE16CAE1D6D44C200AA3DD6 /* GuideDemoUITests.swift */,
				8AE16CB01D6D44C200AA3DD6 /* Info.plist */,
			);
			path = GuideDemoUITests;
			sourceTree = "<group>";
		};
/* End PBXGroup section */

/* Begin PBXNativeTarget section */
		8AE16C8A1D6D44C200AA3DD6 /* GuideDemo */ = {
			isa = PBXNativeTarget;
			buildConfigurationList = 8AE16CB31D6D44C200AA3DD6 /* Build configuration list for PBXNativeTarget "GuideDemo" */;
			buildPhases = (
				8AE16C871D6D44C200AA3DD6 /* Sources */,
				8AE16C881D6D44C200AA3DD6 /* Frameworks */,
				8AE16C891D6D44C200AA3DD6 /* Resources */,
			);
			buildRules = (
			);
			dependencies = (
			);
			name = GuideDemo;
			productName = GuideDemo;
			productReference = 8AE16C8B1D6D44C200AA3DD6 /* GuideDemo.app */;
			productType = "com.apple.product-type.application";
		};
		8AE16C9E1D6D44C200AA3DD6 /* GuideDemoTests */ = {
			isa = PBXNativeTarget;
			buildConfigurationList = 8AE16CB61D6D44C200AA3DD6 /* Build configuration list for PBXNativeTarget "GuideDemoTests" */;
			buildPhases = (
				8AE16C9B1D6D44C200AA3DD6 /* Sources */,
				8AE16C9C1D6D44C200AA3DD6 /* Frameworks */,
				8AE16C9D1D6D44C200AA3DD6 /* Resources */,
			);
			buildRules = (
			);
			dependencies = (
				8AE16CA11D6D44C200AA3DD6 /* PBXTargetDependency */,
			);
			name = GuideDemoTests;
			productName = GuideDemoTests;
			productReference = 8AE16C9F1D6D44C200AA3DD6 /* GuideDemoTests.xctest */;
			productType = "com.apple.product-type.bundle.unit-test";
		};
		8AE16CA91D6D44C200AA3DD6 /* GuideDemoUITests */ = {
			isa = PBXNativeTarget;
			buildConfigurationList = 8AE16CB91D6D44C200AA3DD6 /* Build configuration list for PBXNativeTarget "GuideDemoUITests" */;
			buildPhases = (
				8AE16CA61D6D44C200AA3DD6 /* Sources */,
				8AE16CA71D6D44C200AA3DD6 /* Frameworks */,
				8AE16CA81D6D44C200AA3DD6 /* Resources */,
			);
			buildRules = (
			);
			dependencies = (
				8AE16CAC1D6D44C200AA3DD6 /* PBXTargetDependency */,
			);
			name = GuideDemoUITests;
			productName = GuideDemoUITests;
			productReference = 8AE16CAA1D6D44C200AA3DD6 /* GuideDemoUITests.xctest */;
			productType = "com.apple.product-type.bundle.ui-testing";
		};
/* End PBXNativeTarget section */

/* Begin PBXProject section */
		8AE16C831D6D44C200AA3DD6 /* Project object */ = {
			isa = PBXProject;
			attributes = {
				LastSwiftUpdateCheck = 0730;
				LastUpgradeCheck = 0730;
				ORGANIZATIONNAME = doriswu;
				TargetAttributes = {
					8AE16C8A1D6D44C200AA3DD6 = {
						CreatedOnToolsVersion = 7.3;
					};
					8AE16C9E1D6D44C200AA3DD6 = {
						CreatedOnToolsVersion = 7.3;
						TestTargetID = 8AE16C8A1D6D44C200AA3DD6;
					};
					8AE16CA91D6D44C200AA3DD6 = {
						CreatedOnToolsVersion = 7.3;
						TestTargetID = 8AE16C8A1D6D44C200AA3DD6;
					};
				};
			};
			buildConfigurationList = 8AE16C861D6D44C200AA3DD6 /* Build configuration list for PBXProject "GuideDemo" */;
			compatibilityVersion = "Xcode 3.2";
			developmentRegion = English;
			hasScannedForEncodings = 0;
			knownRegions = (
				en,
				Base,
			);
			mainGroup = 8AE16C821D6D44C200AA3DD6;
			productRefGroup = 8AE16C8C1D6D44C200AA3DD6 /* Products */;
			projectDirPath = "";
			projectRoot = "";
			targets = (
				8AE16C8A1D6D44C200AA3DD6 /* GuideDemo */,
				8AE16C9E1D6D44C200AA3DD6 /* GuideDemoTests */,
				8AE16CA91D6D44C200AA3DD6 /* GuideDemoUITests */,
			);
		};
/* End PBXProject section */

/* Begin PBXResourcesBuildPhase section */
		8AE16C891D6D44C200AA3DD6 /* Resources */ = {
			isa = PBXResourcesBuildPhase;
			buildActionMask = 2147483647;
			files = (
				8AE16C991D6D44C200AA3DD6 /* LaunchScreen.storyboard in Resources */,
				8AE16C961D6D44C200AA3DD6 /* Assets.xcassets in Resources */,
				8AE16C941D6D44C200AA3DD6 /* Main.storyboard in Resources */,
			);
			runOnlyForDeploymentPostprocessing = 0;
		};
		8AE16C9D1D6D44C200AA3DD6 /* Resources */ = {
			isa = PBXResourcesBuildPhase;
			buildActionMask = 2147483647;
			files = (
			);
			runOnlyForDeploymentPostprocessing = 0;
		};
		8AE16CA81D6D44C200AA3DD6 /* Resources */ = {
			isa = PBXResourcesBuildPhase;
			buildActionMask = 2147483647;
			files = (
			);
			runOnlyForDeploymentPostprocessing = 0;
		};
/* End PBXResourcesBuildPhase section */

/* Begin PBXSourcesBuildPhase section */
		8AE16C871D6D44C200AA3DD6 /* Sources */ = {
			isa = PBXSourcesBuildPhase;
			buildActionMask = 2147483647;
			files = (
				8AE16C911D6D44C200AA3DD6 /* ViewController.swift in Sources */,
				8AE16CBD1D6D4FEA00AA3DD6 /* MainPageViewController.swift in Sources */,
				8AE16C8F1D6D44C200AA3DD6 /* AppDelegate.swift in Sources */,
			);
			runOnlyForDeploymentPostprocessing = 0;
		};
		8AE16C9B1D6D44C200AA3DD6 /* Sources */ = {
			isa = PBXSourcesBuildPhase;
			buildActionMask = 2147483647;
			files = (
				8AE16CA41D6D44C200AA3DD6 /* GuideDemoTests.swift in Sources */,
			);
			runOnlyForDeploymentPostprocessing = 0;
		};
		8AE16CA61D6D44C200AA3DD6 /* Sources */ = {
			isa = PBXSourcesBuildPhase;
			buildActionMask = 2147483647;
			files = (
				8AE16CAF1D6D44C200AA3DD6 /* GuideDemoUITests.swift in Sources */,
			);
			runOnlyForDeploymentPostprocessing = 0;
		};
/* End PBXSourcesBuildPhase section */

/* Begin PBXTargetDependency section */
		8AE16CA11D6D44C200AA3DD6 /* PBXTargetDependency */ = {
			isa = PBXTargetDependency;
			target = 8AE16C8A1D6D44C200AA3DD6 /* GuideDemo */;
			targetProxy = 8AE16CA01D6D44C200AA3DD6 /* PBXContainerItemProxy */;
		};
		8AE16CAC1D6D44C200AA3DD6 /* PBXTargetDependency */ = {
			isa = PBXTargetDependency;
			target = 8AE16C8A1D6D44C200AA3DD6 /* GuideDemo */;
			targetProxy = 8AE16CAB1D6D44C200AA3DD6 /* PBXContainerItemProxy */;
		};
/* End PBXTargetDependency section */

/* Begin PBXVariantGroup section */
		8AE16C921D6D44C200AA3DD6 /* Main.storyboard */ = {
			isa = PBXVariantGroup;
			children = (
				8AE16C931D6D44C200AA3DD6 /* Base */,
			);
			name = Main.storyboard;
			sourceTree = "<group>";
		};
		8AE16C971D6D44C200AA3DD6 /* LaunchScreen.storyboard */ = {
			isa = PBXVariantGroup;
			children = (
				8AE16C981D6D44C200AA3DD6 /* Base */,
			);
			name = LaunchScreen.storyboard;
			sourceTree = "<group>";
		};
/* End PBXVariantGroup section */

/* Begin XCBuildConfiguration section */
		8AE16CB11D6D44C200AA3DD6 /* Debug */ = {
			isa = XCBuildConfiguration;
			buildSettings = {
				ALWAYS_SEARCH_USER_PATHS = NO;
				CLANG_ANALYZER_NONNULL = YES;
				CLANG_CXX_LANGUAGE_STANDARD = "gnu++0x";
				CLANG_CXX_LIBRARY = "libc++";
				CLANG_ENABLE_MODULES = YES;
				CLANG_ENABLE_OBJC_ARC = YES;
				CLANG_WARN_BOOL_CONVERSION = YES;
				CLANG_WARN_CONSTANT_CONVERSION = YES;
				CLANG_WARN_DIRECT_OBJC_ISA_USAGE = YES_ERROR;
				CLANG_WARN_EMPTY_BODY = YES;
				CLANG_WARN_ENUM_CONVERSION = YES;
				CLANG_WARN_INT_CONVERSION = YES;
				CLANG_WARN_OBJC_ROOT_CLASS = YES_ERROR;
				CLANG_WARN_UNREACHABLE_CODE = YES;
				CLANG_WARN__DUPLICATE_METHOD_MATCH = YES;
				"CODE_SIGN_IDENTITY[sdk=iphoneos*]" = "iPhone Developer";
				COPY_PHASE_STRIP = NO;
				DEBUG_INFORMATION_FORMAT = dwarf;
				ENABLE_STRICT_OBJC_MSGSEND = YES;
				ENABLE_TESTABILITY = YES;
				GCC_C_LANGUAGE_STANDARD = gnu99;
				GCC_DYNAMIC_NO_PIC = NO;
				GCC_NO_COMMON_BLOCKS = YES;
				GCC_OPTIMIZATION_LEVEL = 0;
				GCC_PREPROCESSOR_DEFINITIONS = (
					"DEBUG=1",
					"$(inherited)",
				);
				GCC_WARN_64_TO_32_BIT_CONVERSION = YES;
				GCC_WARN_ABOUT_RETURN_TYPE = YES_ERROR;
				GCC_WARN_UNDECLARED_SELECTOR = YES;
				GCC_WARN_UNINITIALIZED_AUTOS = YES_AGGRESSIVE;
				GCC_WARN_UNUSED_FUNCTION = YES;
				GCC_WARN_UNUSED_VARIABLE = YES;
				IPHONEOS_DEPLOYMENT_TARGET = 9.3;
				MTL_ENABLE_DEBUG_INFO = YES;
				ONLY_ACTIVE_ARCH = YES;
				SDKROOT = iphoneos;
				SWIFT_OPTIMIZATION_LEVEL = "-Onone";
			};
			name = Debug;
		};
		8AE16CB21D6D44C200AA3DD6 /* Release */ = {
			isa = XCBuildConfiguration;
			buildSettings = {
				ALWAYS_SEARCH_USER_PATHS = NO;
				CLANG_ANALYZER_NONNULL = YES;
				CLANG_CXX_LANGUAGE_STANDARD = "gnu++0x";
				CLANG_CXX_LIBRARY = "libc++";
				CLANG_ENABLE_MODULES = YES;
				CLANG_ENABLE_OBJC_ARC = YES;
				CLANG_WARN_BOOL_CONVERSION = YES;
				CLANG_WARN_CONSTANT_CONVERSION = YES;
				CLANG_WARN_DIRECT_OBJC_ISA_USAGE = YES_ERROR;
				CLANG_WARN_EMPTY_BODY = YES;
				CLANG_WARN_ENUM_CONVERSION = YES;
				CLANG_WARN_INT_CONVERSION = YES;
				CLANG_WARN_OBJC_ROOT_CLASS = YES_ERROR;
				CLANG_WARN_UNREACHABLE_CODE = YES;
				CLANG_WARN__DUPLICATE_METHOD_MATCH = YES;
				"CODE_SIGN_IDENTITY[sdk=iphoneos*]" = "iPhone Developer";
				COPY_PHASE_STRIP = NO;
				DEBUG_INFORMATION_FORMAT = "dwarf-with-dsym";
				ENABLE_NS_ASSERTIONS = NO;
				ENABLE_STRICT_OBJC_MSGSEND = YES;
				GCC_C_LANGUAGE_STANDARD = gnu99;
				GCC_NO_COMMON_BLOCKS = YES;
				GCC_WARN_64_TO_32_BIT_CONVERSION = YES;
				GCC_WARN_ABOUT_RETURN_TYPE = YES_ERROR;
				GCC_WARN_UNDECLARED_SELECTOR = YES;
				GCC_WARN_UNINITIALIZED_AUTOS = YES_AGGRESSIVE;
				GCC_WARN_UNUSED_FUNCTION = YES;
				GCC_WARN_UNUSED_VARIABLE = YES;
				IPHONEOS_DEPLOYMENT_TARGET = 9.3;
				MTL_ENABLE_DEBUG_INFO = NO;
				SDKROOT = iphoneos;
				VALIDATE_PRODUCT = YES;
			};
			name = Release;
		};
		8AE16CB41D6D44C200AA3DD6 /* Debug */ = {
			isa = XCBuildConfiguration;
			buildSettings = {
				ASSETCATALOG_COMPILER_APPICON_NAME = AppIcon;
				INFOPLIST_FILE = GuideDemo/Info.plist;
				LD_RUNPATH_SEARCH_PATHS = "$(inherited) @executable_path/Frameworks";
				PRODUCT_BUNDLE_IDENTIFIER = doriswu.GuideDemo;
				PRODUCT_NAME = "$(TARGET_NAME)";
			};
			name = Debug;
		};
		8AE16CB51D6D44C200AA3DD6 /* Release */ = {
			isa = XCBuildConfiguration;
			buildSettings = {
				ASSETCATALOG_COMPILER_APPICON_NAME = AppIcon;
				INFOPLIST_FILE = GuideDemo/Info.plist;
				LD_RUNPATH_SEARCH_PATHS = "$(inherited) @executable_path/Frameworks";
				PRODUCT_BUNDLE_IDENTIFIER = doriswu.GuideDemo;
				PRODUCT_NAME = "$(TARGET_NAME)";
			};
			name = Release;
		};
		8AE16CB71D6D44C200AA3DD6 /* Debug */ = {
			isa = XCBuildConfiguration;
			buildSettings = {
				BUNDLE_LOADER = "$(TEST_HOST)";
				INFOPLIST_FILE = GuideDemoTests/Info.plist;
				LD_RUNPATH_SEARCH_PATHS = "$(inherited) @executable_path/Frameworks @loader_path/Frameworks";
				PRODUCT_BUNDLE_IDENTIFIER = doriswu.GuideDemoTests;
				PRODUCT_NAME = "$(TARGET_NAME)";
				TEST_HOST = "$(BUILT_PRODUCTS_DIR)/GuideDemo.app/GuideDemo";
			};
			name = Debug;
		};
		8AE16CB81D6D44C200AA3DD6 /* Release */ = {
			isa = XCBuildConfiguration;
			buildSettings = {
				BUNDLE_LOADER = "$(TEST_HOST)";
				INFOPLIST_FILE = GuideDemoTests/Info.plist;
				LD_RUNPATH_SEARCH_PATHS = "$(inherited) @executable_path/Frameworks @loader_path/Frameworks";
				PRODUCT_BUNDLE_IDENTIFIER = doriswu.GuideDemoTests;
				PRODUCT_NAME = "$(TARGET_NAME)";
				TEST_HOST = "$(BUILT_PRODUCTS_DIR)/GuideDemo.app/GuideDemo";
			};
			name = Release;
		};
		8AE16CBA1D6D44C200AA3DD6 /* Debug */ = {
			isa = XCBuildConfiguration;
			buildSettings = {
				INFOPLIST_FILE = GuideDemoUITests/Info.plist;
				LD_RUNPATH_SEARCH_PATHS = "$(inherited) @executable_path/Frameworks @loader_path/Frameworks";
				PRODUCT_BUNDLE_IDENTIFIER = doriswu.GuideDemoUITests;
				PRODUCT_NAME = "$(TARGET_NAME)";
				TEST_TARGET_NAME = GuideDemo;
			};
			name = Debug;
		};
		8AE16CBB1D6D44C200AA3DD6 /* Release */ = {
			isa = XCBuildConfiguration;
			buildSettings = {
				INFOPLIST_FILE = GuideDemoUITests/Info.plist;
				LD_RUNPATH_SEARCH_PATHS = "$(inherited) @executable_path/Frameworks @loader_path/Frameworks";
				PRODUCT_BUNDLE_IDENTIFIER = doriswu.GuideDemoUITests;
				PRODUCT_NAME = "$(TARGET_NAME)";
				TEST_TARGET_NAME = GuideDemo;
			};
			name = Release;
		};
/* End XCBuildConfiguration section */

/* Begin XCConfigurationList section */
		8AE16C861D6D44C200AA3DD6 /* Build configuration list for PBXProject "GuideDemo" */ = {
			isa = XCConfigurationList;
			buildConfigurations = (
				8AE16CB11D6D44C200AA3DD6 /* Debug */,
				8AE16CB21D6D44C200AA3DD6 /* Release */,
			);
			defaultConfigurationIsVisible = 0;
			defaultConfigurationName = Release;
		};
		8AE16CB31D6D44C200AA3DD6 /* Build configuration list for PBXNativeTarget "GuideDemo" */ = {
			isa = XCConfigurationList;
			buildConfigurations = (
				8AE16CB41D6D44C200AA3DD6 /* Debug */,
				8AE16CB51D6D44C200AA3DD6 /* Release */,
			);
			defaultConfigurationIsVisible = 0;
		};
		8AE16CB61D6D44C200AA3DD6 /* Build configuration list for PBXNativeTarget "GuideDemoTests" */ = {
			isa = XCConfigurationList;
			buildConfigurations = (
				8AE16CB71D6D44C200AA3DD6 /* Debug */,
				8AE16CB81D6D44C200AA3DD6 /* Release */,
			);
			defaultConfigurationIsVisible = 0;
		};
		8AE16CB91D6D44C200AA3DD6 /* Build configuration list for PBXNativeTarget "GuideDemoUITests" */ = {
			isa = XCConfigurationList;
			buildConfigurations = (
				8AE16CBA1D6D44C200AA3DD6 /* Debug */,
				8AE16CBB1D6D44C200AA3DD6 /* Release */,
			);
			defaultConfigurationIsVisible = 0;
		};
/* End XCConfigurationList section */
	};
	rootObject = 8AE16C831D6D44C200AA3DD6 /* Project object */;
}
